// !$*UTF8*$!
{
	archiveVersion = 1;
	classes = {
	};
	objectVersion = 55;
	objects = {

/* Begin PBXBuildFile section */
		02725EA128663A74000FF940 /* AppDelegate.swift in Sources */ = {isa = PBXBuildFile; fileRef = 02725EA028663A74000FF940 /* AppDelegate.swift */; };
		02725EA328663A74000FF940 /* SceneDelegate.swift in Sources */ = {isa = PBXBuildFile; fileRef = 02725EA228663A74000FF940 /* SceneDelegate.swift */; };
		02725EA528663A74000FF940 /* HeroesViewController.swift in Sources */ = {isa = PBXBuildFile; fileRef = 02725EA428663A74000FF940 /* HeroesViewController.swift */; };
		02725EA828663A74000FF940 /* Main.storyboard in Resources */ = {isa = PBXBuildFile; fileRef = 02725EA628663A74000FF940 /* Main.storyboard */; };
		02725EAA28663A74000FF940 /* Assets.xcassets in Resources */ = {isa = PBXBuildFile; fileRef = 02725EA928663A74000FF940 /* Assets.xcassets */; };
		02725EAD28663A74000FF940 /* LaunchScreen.storyboard in Resources */ = {isa = PBXBuildFile; fileRef = 02725EAB28663A74000FF940 /* LaunchScreen.storyboard */; };
		02725EB528663AAC000FF940 /* NetworkManager.swift in Sources */ = {isa = PBXBuildFile; fileRef = 02725EB428663AAC000FF940 /* NetworkManager.swift */; };
		02725EB728663C04000FF940 /* Hero.swift in Sources */ = {isa = PBXBuildFile; fileRef = 02725EB628663C03000FF940 /* Hero.swift */; };
		02A7C52C2868A90D000B20CA /* Items.swift in Sources */ = {isa = PBXBuildFile; fileRef = 02A7C52B2868A90D000B20CA /* Items.swift */; };
		02A7C52E2868B0CF000B20CA /* PopularItemsTableViewController.swift in Sources */ = {isa = PBXBuildFile; fileRef = 02A7C52D2868B0CF000B20CA /* PopularItemsTableViewController.swift */; };
		02A7C5302869B129000B20CA /* HeroTableViewCell.swift in Sources */ = {isa = PBXBuildFile; fileRef = 02A7C52F2869B129000B20CA /* HeroTableViewCell.swift */; };
		02A7C535286ADE23000B20CA /* ItemTableViewCell.swift in Sources */ = {isa = PBXBuildFile; fileRef = 02A7C534286ADE23000B20CA /* ItemTableViewCell.swift */; };
		02A7C537286C97A6000B20CA /* WebViewController.swift in Sources */ = {isa = PBXBuildFile; fileRef = 02A7C536286C97A6000B20CA /* WebViewController.swift */; };
		0DDCDF32DAE3ED0837494AEB /* Pods_Dota2Parser.framework in Frameworks */ = {isa = PBXBuildFile; fileRef = 415F65C66C12AB8EBF09FEDA /* Pods_Dota2Parser.framework */; };
/* End PBXBuildFile section */

/* Begin PBXFileReference section */
		02725E9D28663A74000FF940 /* Dota2Parser.app */ = {isa = PBXFileReference; explicitFileType = wrapper.application; includeInIndex = 0; path = Dota2Parser.app; sourceTree = BUILT_PRODUCTS_DIR; };
		02725EA028663A74000FF940 /* AppDelegate.swift */ = {isa = PBXFileReference; lastKnownFileType = sourcecode.swift; path = AppDelegate.swift; sourceTree = "<group>"; };
		02725EA228663A74000FF940 /* SceneDelegate.swift */ = {isa = PBXFileReference; lastKnownFileType = sourcecode.swift; path = SceneDelegate.swift; sourceTree = "<group>"; };
		02725EA428663A74000FF940 /* HeroesViewController.swift */ = {isa = PBXFileReference; lastKnownFileType = sourcecode.swift; path = HeroesViewController.swift; sourceTree = "<group>"; };
		02725EA728663A74000FF940 /* Base */ = {isa = PBXFileReference; lastKnownFileType = file.storyboard; name = Base; path = Base.lproj/Main.storyboard; sourceTree = "<group>"; };
		02725EA928663A74000FF940 /* Assets.xcassets */ = {isa = PBXFileReference; lastKnownFileType = folder.assetcatalog; path = Assets.xcassets; sourceTree = "<group>"; };
		02725EAC28663A74000FF940 /* Base */ = {isa = PBXFileReference; lastKnownFileType = file.storyboard; name = Base; path = Base.lproj/LaunchScreen.storyboard; sourceTree = "<group>"; };
		02725EAE28663A74000FF940 /* Info.plist */ = {isa = PBXFileReference; lastKnownFileType = text.plist.xml; path = Info.plist; sourceTree = "<group>"; };
		02725EB428663AAC000FF940 /* NetworkManager.swift */ = {isa = PBXFileReference; lastKnownFileType = sourcecode.swift; path = NetworkManager.swift; sourceTree = "<group>"; };
		02725EB628663C03000FF940 /* Hero.swift */ = {isa = PBXFileReference; lastKnownFileType = sourcecode.swift; path = Hero.swift; sourceTree = "<group>"; };
		02A7C52B2868A90D000B20CA /* Items.swift */ = {isa = PBXFileReference; lastKnownFileType = sourcecode.swift; path = Items.swift; sourceTree = "<group>"; };
		02A7C52D2868B0CF000B20CA /* PopularItemsTableViewController.swift */ = {isa = PBXFileReference; lastKnownFileType = sourcecode.swift; path = PopularItemsTableViewController.swift; sourceTree = "<group>"; };
		02A7C52F2869B129000B20CA /* HeroTableViewCell.swift */ = {isa = PBXFileReference; lastKnownFileType = sourcecode.swift; path = HeroTableViewCell.swift; sourceTree = "<group>"; };
		02A7C534286ADE23000B20CA /* ItemTableViewCell.swift */ = {isa = PBXFileReference; lastKnownFileType = sourcecode.swift; path = ItemTableViewCell.swift; sourceTree = "<group>"; };
		02A7C536286C97A6000B20CA /* WebViewController.swift */ = {isa = PBXFileReference; lastKnownFileType = sourcecode.swift; path = WebViewController.swift; sourceTree = "<group>"; };
		415F65C66C12AB8EBF09FEDA /* Pods_Dota2Parser.framework */ = {isa = PBXFileReference; explicitFileType = wrapper.framework; includeInIndex = 0; path = Pods_Dota2Parser.framework; sourceTree = BUILT_PRODUCTS_DIR; };
		5A3B3E27335C44C94C5637CE /* Pods-Dota2Parser.debug.xcconfig */ = {isa = PBXFileReference; includeInIndex = 1; lastKnownFileType = text.xcconfig; name = "Pods-Dota2Parser.debug.xcconfig"; path = "Target Support Files/Pods-Dota2Parser/Pods-Dota2Parser.debug.xcconfig"; sourceTree = "<group>"; };
		F79011AD2AC98F55F8FF35C2 /* Pods-Dota2Parser.release.xcconfig */ = {isa = PBXFileReference; includeInIndex = 1; lastKnownFileType = text.xcconfig; name = "Pods-Dota2Parser.release.xcconfig"; path = "Target Support Files/Pods-Dota2Parser/Pods-Dota2Parser.release.xcconfig"; sourceTree = "<group>"; };
/* End PBXFileReference section */

/* Begin PBXFrameworksBuildPhase section */
		02725E9A28663A74000FF940 /* Frameworks */ = {
			isa = PBXFrameworksBuildPhase;
			buildActionMask = 2147483647;
			files = (
				0DDCDF32DAE3ED0837494AEB /* Pods_Dota2Parser.framework in Frameworks */,
			);
			runOnlyForDeploymentPostprocessing = 0;
		};
/* End PBXFrameworksBuildPhase section */

/* Begin PBXGroup section */
		02725E9428663A74000FF940 = {
			isa = PBXGroup;
			children = (
				02725E9F28663A74000FF940 /* Dota2Parser */,
				02725E9E28663A74000FF940 /* Products */,
				987C9991A2301701F4A6966E /* Pods */,
				1444970075EE6F23299697EB /* Frameworks */,
			);
			sourceTree = "<group>";
		};
		02725E9E28663A74000FF940 /* Products */ = {
			isa = PBXGroup;
			children = (
				02725E9D28663A74000FF940 /* Dota2Parser.app */,
			);
			name = Products;
			sourceTree = "<group>";
		};
		02725E9F28663A74000FF940 /* Dota2Parser */ = {
			isa = PBXGroup;
			children = (
				02A7C5332869C55F000B20CA /* Controllers */,
				02A7C5322869C547000B20CA /* Views */,
				02A7C5312869C53D000B20CA /* Models */,
				02725EA028663A74000FF940 /* AppDelegate.swift */,
				02725EA228663A74000FF940 /* SceneDelegate.swift */,
				02725EA928663A74000FF940 /* Assets.xcassets */,
				02725EAB28663A74000FF940 /* LaunchScreen.storyboard */,
				02725EAE28663A74000FF940 /* Info.plist */,
			);
			path = Dota2Parser;
			sourceTree = "<group>";
		};
		02A7C5312869C53D000B20CA /* Models */ = {
			isa = PBXGroup;
			children = (
				02725EB628663C03000FF940 /* Hero.swift */,
				02725EB428663AAC000FF940 /* NetworkManager.swift */,
				02A7C52B2868A90D000B20CA /* Items.swift */,
			);
			path = Models;
			sourceTree = "<group>";
		};
		02A7C5322869C547000B20CA /* Views */ = {
			isa = PBXGroup;
			children = (
				02725EA628663A74000FF940 /* Main.storyboard */,
				02A7C52F2869B129000B20CA /* HeroTableViewCell.swift */,
				02A7C534286ADE23000B20CA /* ItemTableViewCell.swift */,
			);
			path = Views;
			sourceTree = "<group>";
		};
		02A7C5332869C55F000B20CA /* Controllers */ = {
			isa = PBXGroup;
			children = (
				02725EA428663A74000FF940 /* HeroesViewController.swift */,
				02A7C536286C97A6000B20CA /* WebViewController.swift */,
				02A7C52D2868B0CF000B20CA /* PopularItemsTableViewController.swift */,
			);
			path = Controllers;
			sourceTree = "<group>";
		};
		1444970075EE6F23299697EB /* Frameworks */ = {
			isa = PBXGroup;
			children = (
				415F65C66C12AB8EBF09FEDA /* Pods_Dota2Parser.framework */,
			);
			name = Frameworks;
			sourceTree = "<group>";
		};
		987C9991A2301701F4A6966E /* Pods */ = {
			isa = PBXGroup;
			children = (
				5A3B3E27335C44C94C5637CE /* Pods-Dota2Parser.debug.xcconfig */,
				F79011AD2AC98F55F8FF35C2 /* Pods-Dota2Parser.release.xcconfig */,
			);
			path = Pods;
			sourceTree = "<group>";
		};
/* End PBXGroup section */

/* Begin PBXNativeTarget section */
		02725E9C28663A74000FF940 /* Dota2Parser */ = {
			isa = PBXNativeTarget;
			buildConfigurationList = 02725EB128663A74000FF940 /* Build configuration list for PBXNativeTarget "Dota2Parser" */;
			buildPhases = (
				C9591E7C867A8B32948B5B77 /* [CP] Check Pods Manifest.lock */,
				02725E9928663A74000FF940 /* Sources */,
				02725E9A28663A74000FF940 /* Frameworks */,
				02725E9B28663A74000FF940 /* Resources */,
				0A4DAFA50047CC6F552F3EAD /* [CP] Embed Pods Frameworks */,
			);
			buildRules = (
			);
			dependencies = (
			);
			name = Dota2Parser;
			productName = Dota2Parser;
			productReference = 02725E9D28663A74000FF940 /* Dota2Parser.app */;
			productType = "com.apple.product-type.application";
		};
/* End PBXNativeTarget section */

/* Begin PBXProject section */
		02725E9528663A74000FF940 /* Project object */ = {
			isa = PBXProject;
			attributes = {
				BuildIndependentTargetsInParallel = 1;
				LastSwiftUpdateCheck = 1330;
				LastUpgradeCheck = 1330;
				TargetAttributes = {
					02725E9C28663A74000FF940 = {
						CreatedOnToolsVersion = 13.3;
					};
				};
			};
			buildConfigurationList = 02725E9828663A74000FF940 /* Build configuration list for PBXProject "Dota2Parser" */;
			compatibilityVersion = "Xcode 13.0";
			developmentRegion = en;
			hasScannedForEncodings = 0;
			knownRegions = (
				en,
				Base,
			);
			mainGroup = 02725E9428663A74000FF940;
			productRefGroup = 02725E9E28663A74000FF940 /* Products */;
			projectDirPath = "";
			projectRoot = "";
			targets = (
				02725E9C28663A74000FF940 /* Dota2Parser */,
			);
		};
/* End PBXProject section */

/* Begin PBXResourcesBuildPhase section */
		02725E9B28663A74000FF940 /* Resources */ = {
			isa = PBXResourcesBuildPhase;
			buildActionMask = 2147483647;
			files = (
				02725EAD28663A74000FF940 /* LaunchScreen.storyboard in Resources */,
				02725EAA28663A74000FF940 /* Assets.xcassets in Resources */,
				02725EA828663A74000FF940 /* Main.storyboard in Resources */,
			);
			runOnlyForDeploymentPostprocessing = 0;
		};
/* End PBXResourcesBuildPhase section */

/* Begin PBXShellScriptBuildPhase section */
		0A4DAFA50047CC6F552F3EAD /* [CP] Embed Pods Frameworks */ = {
			isa = PBXShellScriptBuildPhase;
			buildActionMask = 2147483647;
			files = (
			);
			inputFileListPaths = (
				"${PODS_ROOT}/Target Support Files/Pods-Dota2Parser/Pods-Dota2Parser-frameworks-${CONFIGURATION}-input-files.xcfilelist",
			);
			name = "[CP] Embed Pods Frameworks";
			outputFileListPaths = (
				"${PODS_ROOT}/Target Support Files/Pods-Dota2Parser/Pods-Dota2Parser-frameworks-${CONFIGURATION}-output-files.xcfilelist",
			);
			runOnlyForDeploymentPostprocessing = 0;
			shellPath = /bin/sh;
			shellScript = "\"${PODS_ROOT}/Target Support Files/Pods-Dota2Parser/Pods-Dota2Parser-frameworks.sh\"\n";
			showEnvVarsInLog = 0;
		};
		C9591E7C867A8B32948B5B77 /* [CP] Check Pods Manifest.lock */ = {
			isa = PBXShellScriptBuildPhase;
			buildActionMask = 2147483647;
			files = (
			);
			inputFileListPaths = (
			);
			inputPaths = (
				"${PODS_PODFILE_DIR_PATH}/Podfile.lock",
				"${PODS_ROOT}/Manifest.lock",
			);
			name = "[CP] Check Pods Manifest.lock";
			outputFileListPaths = (
			);
			outputPaths = (
				"$(DERIVED_FILE_DIR)/Pods-Dota2Parser-checkManifestLockResult.txt",
			);
			runOnlyForDeploymentPostprocessing = 0;
			shellPath = /bin/sh;
			shellScript = "diff \"${PODS_PODFILE_DIR_PATH}/Podfile.lock\" \"${PODS_ROOT}/Manifest.lock\" > /dev/null\nif [ $? != 0 ] ; then\n    # print error to STDERR\n    echo \"error: The sandbox is not in sync with the Podfile.lock. Run 'pod install' or update your CocoaPods installation.\" >&2\n    exit 1\nfi\n# This output is used by Xcode 'outputs' to avoid re-running this script phase.\necho \"SUCCESS\" > \"${SCRIPT_OUTPUT_FILE_0}\"\n";
			showEnvVarsInLog = 0;
		};
/* End PBXShellScriptBuildPhase section */

/* Begin PBXSourcesBuildPhase section */
		02725E9928663A74000FF940 /* Sources */ = {
			isa = PBXSourcesBuildPhase;
			buildActionMask = 2147483647;
			files = (
				02A7C52C2868A90D000B20CA /* Items.swift in Sources */,
				02A7C535286ADE23000B20CA /* ItemTableViewCell.swift in Sources */,
				02725EB728663C04000FF940 /* Hero.swift in Sources */,
				02A7C537286C97A6000B20CA /* WebViewController.swift in Sources */,
				02725EB528663AAC000FF940 /* NetworkManager.swift in Sources */,
				02A7C5302869B129000B20CA /* HeroTableViewCell.swift in Sources */,
				02725EA528663A74000FF940 /* HeroesViewController.swift in Sources */,
				02A7C52E2868B0CF000B20CA /* PopularItemsTableViewController.swift in Sources */,
				02725EA128663A74000FF940 /* AppDelegate.swift in Sources */,
				02725EA328663A74000FF940 /* SceneDelegate.swift in Sources */,
			);
			runOnlyForDeploymentPostprocessing = 0;
		};
/* End PBXSourcesBuildPhase section */

/* Begin PBXVariantGroup section */
		02725EA628663A74000FF940 /* Main.storyboard */ = {
			isa = PBXVariantGroup;
			children = (
				02725EA728663A74000FF940 /* Base */,
			);
			name = Main.storyboard;
			sourceTree = "<group>";
		};
		02725EAB28663A74000FF940 /* LaunchScreen.storyboard */ = {
			isa = PBXVariantGroup;
			children = (
				02725EAC28663A74000FF940 /* Base */,
			);
			name = LaunchScreen.storyboard;
			sourceTree = "<group>";
		};
/* End PBXVariantGroup section */

/* Begin XCBuildConfiguration section */
		02725EAF28663A74000FF940 /* Debug */ = {
			isa = XCBuildConfiguration;
			buildSettings = {
				ALWAYS_SEARCH_USER_PATHS = NO;
				CLANG_ANALYZER_NONNULL = YES;
				CLANG_ANALYZER_NUMBER_OBJECT_CONVERSION = YES_AGGRESSIVE;
				CLANG_CXX_LANGUAGE_STANDARD = "gnu++17";
				CLANG_ENABLE_MODULES = YES;
				CLANG_ENABLE_OBJC_ARC = YES;
				CLANG_ENABLE_OBJC_WEAK = YES;
				CLANG_WARN_BLOCK_CAPTURE_AUTORELEASING = YES;
				CLANG_WARN_BOOL_CONVERSION = YES;
				CLANG_WARN_COMMA = YES;
				CLANG_WARN_CONSTANT_CONVERSION = YES;
				CLANG_WARN_DEPRECATED_OBJC_IMPLEMENTATIONS = YES;
				CLANG_WARN_DIRECT_OBJC_ISA_USAGE = YES_ERROR;
				CLANG_WARN_DOCUMENTATION_COMMENTS = YES;
				CLANG_WARN_EMPTY_BODY = YES;
				CLANG_WARN_ENUM_CONVERSION = YES;
				CLANG_WARN_INFINITE_RECURSION = YES;
				CLANG_WARN_INT_CONVERSION = YES;
				CLANG_WARN_NON_LITERAL_NULL_CONVERSION = YES;
				CLANG_WARN_OBJC_IMPLICIT_RETAIN_SELF = YES;
				CLANG_WARN_OBJC_LITERAL_CONVERSION = YES;
				CLANG_WARN_OBJC_ROOT_CLASS = YES_ERROR;
				CLANG_WARN_QUOTED_INCLUDE_IN_FRAMEWORK_HEADER = YES;
				CLANG_WARN_RANGE_LOOP_ANALYSIS = YES;
				CLANG_WARN_STRICT_PROTOTYPES = YES;
				CLANG_WARN_SUSPICIOUS_MOVE = YES;
				CLANG_WARN_UNGUARDED_AVAILABILITY = YES_AGGRESSIVE;
				CLANG_WARN_UNREACHABLE_CODE = YES;
				CLANG_WARN__DUPLICATE_METHOD_MATCH = YES;
				COPY_PHASE_STRIP = NO;
				DEBUG_INFORMATION_FORMAT = dwarf;
				ENABLE_STRICT_OBJC_MSGSEND = YES;
				ENABLE_TESTABILITY = YES;
				GCC_C_LANGUAGE_STANDARD = gnu11;
				GCC_DYNAMIC_NO_PIC = NO;
				GCC_NO_COMMON_BLOCKS = YES;
				GCC_OPTIMIZATION_LEVEL = 0;
				GCC_PREPROCESSOR_DEFINITIONS = (
					"DEBUG=1",
					"$(inherited)",
				);
				GCC_WARN_64_TO_32_BIT_CONVERSION = YES;
				GCC_WARN_ABOUT_RETURN_TYPE = YES_ERROR;
				GCC_WARN_UNDECLARED_SELECTOR = YES;
				GCC_WARN_UNINITIALIZED_AUTOS = YES_AGGRESSIVE;
				GCC_WARN_UNUSED_FUNCTION = YES;
				GCC_WARN_UNUSED_VARIABLE = YES;
				IPHONEOS_DEPLOYMENT_TARGET = 15.4;
				MTL_ENABLE_DEBUG_INFO = INCLUDE_SOURCE;
				MTL_FAST_MATH = YES;
				ONLY_ACTIVE_ARCH = YES;
				SDKROOT = iphoneos;
				SWIFT_ACTIVE_COMPILATION_CONDITIONS = DEBUG;
				SWIFT_OPTIMIZATION_LEVEL = "-Onone";
			};
			name = Debug;
		};
		02725EB028663A74000FF940 /* Release */ = {
			isa = XCBuildConfiguration;
			buildSettings = {
				ALWAYS_SEARCH_USER_PATHS = NO;
				CLANG_ANALYZER_NONNULL = YES;
				CLANG_ANALYZER_NUMBER_OBJECT_CONVERSION = YES_AGGRESSIVE;
				CLANG_CXX_LANGUAGE_STANDARD = "gnu++17";
				CLANG_ENABLE_MODULES = YES;
				CLANG_ENABLE_OBJC_ARC = YES;
				CLANG_ENABLE_OBJC_WEAK = YES;
				CLANG_WARN_BLOCK_CAPTURE_AUTORELEASING = YES;
				CLANG_WARN_BOOL_CONVERSION = YES;
				CLANG_WARN_COMMA = YES;
				CLANG_WARN_CONSTANT_CONVERSION = YES;
				CLANG_WARN_DEPRECATED_OBJC_IMPLEMENTATIONS = YES;
				CLANG_WARN_DIRECT_OBJC_ISA_USAGE = YES_ERROR;
				CLANG_WARN_DOCUMENTATION_COMMENTS = YES;
				CLANG_WARN_EMPTY_BODY = YES;
				CLANG_WARN_ENUM_CONVERSION = YES;
				CLANG_WARN_INFINITE_RECURSION = YES;
				CLANG_WARN_INT_CONVERSION = YES;
				CLANG_WARN_NON_LITERAL_NULL_CONVERSION = YES;
				CLANG_WARN_OBJC_IMPLICIT_RETAIN_SELF = YES;
				CLANG_WARN_OBJC_LITERAL_CONVERSION = YES;
				CLANG_WARN_OBJC_ROOT_CLASS = YES_ERROR;
				CLANG_WARN_QUOTED_INCLUDE_IN_FRAMEWORK_HEADER = YES;
				CLANG_WARN_RANGE_LOOP_ANALYSIS = YES;
				CLANG_WARN_STRICT_PROTOTYPES = YES;
				CLANG_WARN_SUSPICIOUS_MOVE = YES;
				CLANG_WARN_UNGUARDED_AVAILABILITY = YES_AGGRESSIVE;
				CLANG_WARN_UNREACHABLE_CODE = YES;
				CLANG_WARN__DUPLICATE_METHOD_MATCH = YES;
				COPY_PHASE_STRIP = NO;
				DEBUG_INFORMATION_FORMAT = "dwarf-with-dsym";
				ENABLE_NS_ASSERTIONS = NO;
				ENABLE_STRICT_OBJC_MSGSEND = YES;
				GCC_C_LANGUAGE_STANDARD = gnu11;
				GCC_NO_COMMON_BLOCKS = YES;
				GCC_WARN_64_TO_32_BIT_CONVERSION = YES;
				GCC_WARN_ABOUT_RETURN_TYPE = YES_ERROR;
				GCC_WARN_UNDECLARED_SELECTOR = YES;
				GCC_WARN_UNINITIALIZED_AUTOS = YES_AGGRESSIVE;
				GCC_WARN_UNUSED_FUNCTION = YES;
				GCC_WARN_UNUSED_VARIABLE = YES;
				IPHONEOS_DEPLOYMENT_TARGET = 15.4;
				MTL_ENABLE_DEBUG_INFO = NO;
				MTL_FAST_MATH = YES;
				SDKROOT = iphoneos;
				SWIFT_COMPILATION_MODE = wholemodule;
				SWIFT_OPTIMIZATION_LEVEL = "-O";
				VALIDATE_PRODUCT = YES;
			};
			name = Release;
		};
		02725EB228663A74000FF940 /* Debug */ = {
			isa = XCBuildConfiguration;
			baseConfigurationReference = 5A3B3E27335C44C94C5637CE /* Pods-Dota2Parser.debug.xcconfig */;
			buildSettings = {
				ASSETCATALOG_COMPILER_APPICON_NAME = AppIcon;
				ASSETCATALOG_COMPILER_GLOBAL_ACCENT_COLOR_NAME = AccentColor;
				CODE_SIGN_STYLE = Automatic;
				CURRENT_PROJECT_VERSION = 1;
				DEVELOPMENT_TEAM = R82749YG66;
				GENERATE_INFOPLIST_FILE = YES;
				INFOPLIST_FILE = Dota2Parser/Info.plist;
				INFOPLIST_KEY_UIApplicationSupportsIndirectInputEvents = YES;
				INFOPLIST_KEY_UILaunchStoryboardName = LaunchScreen;
				INFOPLIST_KEY_UIMainStoryboardFile = Main;
				INFOPLIST_KEY_UISupportedInterfaceOrientations_iPad = "UIInterfaceOrientationPortrait UIInterfaceOrientationPortraitUpsideDown UIInterfaceOrientationLandscapeLeft UIInterfaceOrientationLandscapeRight";
				INFOPLIST_KEY_UISupportedInterfaceOrientations_iPhone = "UIInterfaceOrientationPortrait UIInterfaceOrientationLandscapeLeft UIInterfaceOrientationLandscapeRight";
				LD_RUNPATH_SEARCH_PATHS = (
					"$(inherited)",
					"@executable_path/Frameworks",
				);
				MARKETING_VERSION = 1.0;
				PRODUCT_BUNDLE_IDENTIFIER = sibe57.Dota2Parser;
				PRODUCT_NAME = "$(TARGET_NAME)";
				SWIFT_EMIT_LOC_STRINGS = YES;
				SWIFT_VERSION = 5.0;
				TARGETED_DEVICE_FAMILY = "1,2";
			};
			name = Debug;
		};
		02725EB328663A74000FF940 /* Release */ = {
			isa = XCBuildConfiguration;
			baseConfigurationReference = F79011AD2AC98F55F8FF35C2 /* Pods-Dota2Parser.release.xcconfig */;
			buildSettings = {
				ASSETCATALOG_COMPILER_APPICON_NAME = AppIcon;
				ASSETCATALOG_COMPILER_GLOBAL_ACCENT_COLOR_NAME = AccentColor;
				CODE_SIGN_STYLE = Automatic;
				CURRENT_PROJECT_VERSION = 1;
				DEVELOPMENT_TEAM = R82749YG66;
				GENERATE_INFOPLIST_FILE = YES;
				INFOPLIST_FILE = Dota2Parser/Info.plist;
				INFOPLIST_KEY_UIApplicationSupportsIndirectInputEvents = YES;
				INFOPLIST_KEY_UILaunchStoryboardName = LaunchScreen;
				INFOPLIST_KEY_UIMainStoryboardFile = Main;
				INFOPLIST_KEY_UISupportedInterfaceOrientations_iPad = "UIInterfaceOrientationPortrait UIInterfaceOrientationPortraitUpsideDown UIInterfaceOrientationLandscapeLeft UIInterfaceOrientationLandscapeRight";
				INFOPLIST_KEY_UISupportedInterfaceOrientations_iPhone = "UIInterfaceOrientationPortrait UIInterfaceOrientationLandscapeLeft UIInterfaceOrientationLandscapeRight";
				LD_RUNPATH_SEARCH_PATHS = (
					"$(inherited)",
					"@executable_path/Frameworks",
				);
				MARKETING_VERSION = 1.0;
				PRODUCT_BUNDLE_IDENTIFIER = sibe57.Dota2Parser;
				PRODUCT_NAME = "$(TARGET_NAME)";
				SWIFT_EMIT_LOC_STRINGS = YES;
				SWIFT_VERSION = 5.0;
				TARGETED_DEVICE_FAMILY = "1,2";
			};
			name = Release;
		};
/* End XCBuildConfiguration section */

/* Begin XCConfigurationList section */
		02725E9828663A74000FF940 /* Build configuration list for PBXProject "Dota2Parser" */ = {
			isa = XCConfigurationList;
			buildConfigurations = (
				02725EAF28663A74000FF940 /* Debug */,
				02725EB028663A74000FF940 /* Release */,
			);
			defaultConfigurationIsVisible = 0;
			defaultConfigurationName = Release;
		};
		02725EB128663A74000FF940 /* Build configuration list for PBXNativeTarget "Dota2Parser" */ = {
			isa = XCConfigurationList;
			buildConfigurations = (
				02725EB228663A74000FF940 /* Debug */,
				02725EB328663A74000FF940 /* Release */,
			);
			defaultConfigurationIsVisible = 0;
			defaultConfigurationName = Release;
		};
/* End XCConfigurationList section */
	};
	rootObject = 02725E9528663A74000FF940 /* Project object */;
}
